{
  "object": {
    "pins": [
      {
        "package": "ProgressView",
        "repositoryURL": "https://github.com/JulienMRP/ProgressView.git",
        "state": {
          "branch": "release/v1",
          "revision": "b88a89e214226be7a33d51ba38653ab198f47ab0",
          "version": null
        }
      }
    ]
  },
  "version": 1
}
